
Microsoft Visual Studio Solution File, Format Version 12.00
# Visual Studio 2012
Project("{FAE04EC0-301F-11D3-BF4B-00C04F79EFBC}") = "MySmartHome.Framework.RWE.NET", "RWE.NET\MySmartHome.Framework.RWE.NET.csproj", "{ADF26774-A8C4-4F71-BE4C-181948F4629C}"
EndProject
Project("{FAE04EC0-301F-11D3-BF4B-00C04F79EFBC}") = "MySmartHome.Framework.RWE.NET.Test", "MySmartHome.Framework.RWE.NET.Test\MySmartHome.Framework.RWE.NET.Test.csproj", "{4F2979D7-A166-4094-B785-1C8F850F6F29}"
EndProject
Global
	GlobalSection(TeamFoundationVersionControl) = preSolution
		SccNumberOfProjects = 3
		SccEnterpriseProvider = {4CA58AB2-18FA-4F8D-95D4-32DDF27D184C}
		SccTeamFoundationServer = https://tfs.codeplex.com/tfs/tfs15
		SccLocalPath0 = .
		SccProjectUniqueName1 = MySmartHome.Framework.RWE.NET.Test\\MySmartHome.Framework.RWE.NET.Test.csproj
		SccProjectName1 = MySmartHome.Framework.RWE.NET.Test
		SccLocalPath1 = MySmartHome.Framework.RWE.NET.Test
		SccProjectUniqueName2 = RWE.NET\\MySmartHome.Framework.RWE.NET.csproj
		SccProjectName2 = RWE.NET
		SccLocalPath2 = RWE.NET
	EndGlobalSection
	GlobalSection(SolutionConfigurationPlatforms) = preSolution
		Debug|Any CPU = Debug|Any CPU
		Release|Any CPU = Release|Any CPU
	EndGlobalSection
	GlobalSection(ProjectConfigurationPlatforms) = postSolution
		{ADF26774-A8C4-4F71-BE4C-181948F4629C}.Debug|Any CPU.ActiveCfg = Debug|Any CPU
		{ADF26774-A8C4-4F71-BE4C-181948F4629C}.Debug|Any CPU.Build.0 = Debug|Any CPU
		{ADF26774-A8C4-4F71-BE4C-181948F4629C}.Release|Any CPU.ActiveCfg = Release|Any CPU
		{ADF26774-A8C4-4F71-BE4C-181948F4629C}.Release|Any CPU.Build.0 = Release|Any CPU
		{4F2979D7-A166-4094-B785-1C8F850F6F29}.Debug|Any CPU.ActiveCfg = Debug|Any CPU
		{4F2979D7-A166-4094-B785-1C8F850F6F29}.Debug|Any CPU.Build.0 = Debug|Any CPU
		{4F2979D7-A166-4094-B785-1C8F850F6F29}.Release|Any CPU.ActiveCfg = Release|Any CPU
		{4F2979D7-A166-4094-B785-1C8F850F6F29}.Release|Any CPU.Build.0 = Release|Any CPU
	EndGlobalSection
	GlobalSection(SolutionProperties) = preSolution
		HideSolutionNode = FALSE
	EndGlobalSection
EndGlobal
